// !$*UTF8*$!
{
	archiveVersion = 1;
	classes = {
	};
	objectVersion = 55;
	objects = {

/* Begin PBXBuildFile section */
		711B26F728BC6D4A00A0773D /* AppDelegate.swift in Sources */ = {isa = PBXBuildFile; fileRef = 711B26F628BC6D4A00A0773D /* AppDelegate.swift */; };
		711B26F928BC6D4A00A0773D /* SceneDelegate.swift in Sources */ = {isa = PBXBuildFile; fileRef = 711B26F828BC6D4A00A0773D /* SceneDelegate.swift */; };
		711B26FB28BC6D4A00A0773D /* ViewController.swift in Sources */ = {isa = PBXBuildFile; fileRef = 711B26FA28BC6D4A00A0773D /* ViewController.swift */; };
		711B26FE28BC6D4A00A0773D /* Main.storyboard in Resources */ = {isa = PBXBuildFile; fileRef = 711B26FC28BC6D4A00A0773D /* Main.storyboard */; };
		711B270028BC6D4C00A0773D /* Assets.xcassets in Resources */ = {isa = PBXBuildFile; fileRef = 711B26FF28BC6D4C00A0773D /* Assets.xcassets */; };
		711B270328BC6D4C00A0773D /* LaunchScreen.storyboard in Resources */ = {isa = PBXBuildFile; fileRef = 711B270128BC6D4C00A0773D /* LaunchScreen.storyboard */; };
		711B270B28BC6D6B00A0773D /* ThirdRental_Extension.swift in Sources */ = {isa = PBXBuildFile; fileRef = 711B270A28BC6D6B00A0773D /* ThirdRental_Extension.swift */; };
		8DF3E730FD21961F3D472648 /* Pods_ThirdRental_Extension.framework in Frameworks */ = {isa = PBXBuildFile; fileRef = 100CB2A1A66EF37386CFAB66 /* Pods_ThirdRental_Extension.framework */; };
/* End PBXBuildFile section */

/* Begin PBXFileReference section */
		100CB2A1A66EF37386CFAB66 /* Pods_ThirdRental_Extension.framework */ = {isa = PBXFileReference; explicitFileType = wrapper.framework; includeInIndex = 0; path = Pods_ThirdRental_Extension.framework; sourceTree = BUILT_PRODUCTS_DIR; };
		711B26F328BC6D4A00A0773D /* ThirdRental_Extension.app */ = {isa = PBXFileReference; explicitFileType = wrapper.application; includeInIndex = 0; path = ThirdRental_Extension.app; sourceTree = BUILT_PRODUCTS_DIR; };
		711B26F628BC6D4A00A0773D /* AppDelegate.swift */ = {isa = PBXFileReference; lastKnownFileType = sourcecode.swift; path = AppDelegate.swift; sourceTree = "<group>"; };
		711B26F828BC6D4A00A0773D /* SceneDelegate.swift */ = {isa = PBXFileReference; lastKnownFileType = sourcecode.swift; path = SceneDelegate.swift; sourceTree = "<group>"; };
		711B26FA28BC6D4A00A0773D /* ViewController.swift */ = {isa = PBXFileReference; lastKnownFileType = sourcecode.swift; path = ViewController.swift; sourceTree = "<group>"; };
		711B26FD28BC6D4A00A0773D /* Base */ = {isa = PBXFileReference; lastKnownFileType = file.storyboard; name = Base; path = Base.lproj/Main.storyboard; sourceTree = "<group>"; };
		711B26FF28BC6D4C00A0773D /* Assets.xcassets */ = {isa = PBXFileReference; lastKnownFileType = folder.assetcatalog; path = Assets.xcassets; sourceTree = "<group>"; };
		711B270228BC6D4C00A0773D /* Base */ = {isa = PBXFileReference; lastKnownFileType = file.storyboard; name = Base; path = Base.lproj/LaunchScreen.storyboard; sourceTree = "<group>"; };
		711B270428BC6D4C00A0773D /* Info.plist */ = {isa = PBXFileReference; lastKnownFileType = text.plist.xml; path = Info.plist; sourceTree = "<group>"; };
		711B270A28BC6D6B00A0773D /* ThirdRental_Extension.swift */ = {isa = PBXFileReference; lastKnownFileType = sourcecode.swift; path = ThirdRental_Extension.swift; sourceTree = "<group>"; };
		7AA4AAF9DD9FF3D9D37BCBDE /* Pods-ThirdRental_Extension.debug.xcconfig */ = {isa = PBXFileReference; includeInIndex = 1; lastKnownFileType = text.xcconfig; name = "Pods-ThirdRental_Extension.debug.xcconfig"; path = "Target Support Files/Pods-ThirdRental_Extension/Pods-ThirdRental_Extension.debug.xcconfig"; sourceTree = "<group>"; };
		8C42CA450156B67D3163B22D /* Pods-ThirdRental_Extension.release.xcconfig */ = {isa = PBXFileReference; includeInIndex = 1; lastKnownFileType = text.xcconfig; name = "Pods-ThirdRental_Extension.release.xcconfig"; path = "Target Support Files/Pods-ThirdRental_Extension/Pods-ThirdRental_Extension.release.xcconfig"; sourceTree = "<group>"; };
/* End PBXFileReference section */

/* Begin PBXFrameworksBuildPhase section */
		711B26F028BC6D4A00A0773D /* Frameworks */ = {
			isa = PBXFrameworksBuildPhase;
			buildActionMask = 2147483647;
			files = (
				8DF3E730FD21961F3D472648 /* Pods_ThirdRental_Extension.framework in Frameworks */,
			);
			runOnlyForDeploymentPostprocessing = 0;
		};
/* End PBXFrameworksBuildPhase section */

/* Begin PBXGroup section */
		405A3FF72087631BAA53496C /* Frameworks */ = {
			isa = PBXGroup;
			children = (
				100CB2A1A66EF37386CFAB66 /* Pods_ThirdRental_Extension.framework */,
			);
			name = Frameworks;
			sourceTree = "<group>";
		};
		711B26EA28BC6D4A00A0773D = {
			isa = PBXGroup;
			children = (
				711B26F528BC6D4A00A0773D /* ThirdRental_Extension */,
				711B26F428BC6D4A00A0773D /* Products */,
				B60F8FF2C244FAE1CF62E016 /* Pods */,
				405A3FF72087631BAA53496C /* Frameworks */,
			);
			sourceTree = "<group>";
		};
		711B26F428BC6D4A00A0773D /* Products */ = {
			isa = PBXGroup;
			children = (
				711B26F328BC6D4A00A0773D /* ThirdRental_Extension.app */,
			);
			name = Products;
			sourceTree = "<group>";
		};
		711B26F528BC6D4A00A0773D /* ThirdRental_Extension */ = {
			isa = PBXGroup;
			children = (
				711B270D28BDDD5100A0773D /* ThirdRental_Extension */,
				711B26F628BC6D4A00A0773D /* AppDelegate.swift */,
				711B26F828BC6D4A00A0773D /* SceneDelegate.swift */,
				711B26FA28BC6D4A00A0773D /* ViewController.swift */,
				711B26FC28BC6D4A00A0773D /* Main.storyboard */,
				711B26FF28BC6D4C00A0773D /* Assets.xcassets */,
				711B270128BC6D4C00A0773D /* LaunchScreen.storyboard */,
				711B270428BC6D4C00A0773D /* Info.plist */,
			);
			path = ThirdRental_Extension;
			sourceTree = "<group>";
		};
		711B270D28BDDD5100A0773D /* ThirdRental_Extension */ = {
			isa = PBXGroup;
			children = (
				711B270A28BC6D6B00A0773D /* ThirdRental_Extension.swift */,
			);
			path = ThirdRental_Extension;
			sourceTree = "<group>";
		};
		B60F8FF2C244FAE1CF62E016 /* Pods */ = {
			isa = PBXGroup;
			children = (
				7AA4AAF9DD9FF3D9D37BCBDE /* Pods-ThirdRental_Extension.debug.xcconfig */,
				8C42CA450156B67D3163B22D /* Pods-ThirdRental_Extension.release.xcconfig */,
			);
			path = Pods;
			sourceTree = "<group>";
		};
/* End PBXGroup section */

/* Begin PBXNativeTarget section */
		711B26F228BC6D4A00A0773D /* ThirdRental_Extension */ = {
			isa = PBXNativeTarget;
			buildConfigurationList = 711B270728BC6D4C00A0773D /* Build configuration list for PBXNativeTarget "ThirdRental_Extension" */;
			buildPhases = (
				A25FDF4253EE321A4B5F4D9D /* [CP] Check Pods Manifest.lock */,
				711B26EF28BC6D4A00A0773D /* Sources */,
				711B26F028BC6D4A00A0773D /* Frameworks */,
				711B26F128BC6D4A00A0773D /* Resources */,
				9A8BF5B329B3099808ECB060 /* [CP] Embed Pods Frameworks */,
			);
			buildRules = (
			);
			dependencies = (
			);
			name = ThirdRental_Extension;
			productName = ThirdRental_Extension;
			productReference = 711B26F328BC6D4A00A0773D /* ThirdRental_Extension.app */;
			productType = "com.apple.product-type.application";
		};
/* End PBXNativeTarget section */

/* Begin PBXProject section */
		711B26EB28BC6D4A00A0773D /* Project object */ = {
			isa = PBXProject;
			attributes = {
				BuildIndependentTargetsInParallel = 1;
				LastSwiftUpdateCheck = 1340;
				LastUpgradeCheck = 1340;
				TargetAttributes = {
					711B26F228BC6D4A00A0773D = {
						CreatedOnToolsVersion = 13.4.1;
					};
				};
			};
			buildConfigurationList = 711B26EE28BC6D4A00A0773D /* Build configuration list for PBXProject "ThirdRental_Extension" */;
			compatibilityVersion = "Xcode 13.0";
			developmentRegion = en;
			hasScannedForEncodings = 0;
			knownRegions = (
				en,
				Base,
			);
			mainGroup = 711B26EA28BC6D4A00A0773D;
			productRefGroup = 711B26F428BC6D4A00A0773D /* Products */;
			projectDirPath = "";
			projectRoot = "";
			targets = (
				711B26F228BC6D4A00A0773D /* ThirdRental_Extension */,
			);
		};
/* End PBXProject section */

/* Begin PBXResourcesBuildPhase section */
		711B26F128BC6D4A00A0773D /* Resources */ = {
			isa = PBXResourcesBuildPhase;
			buildActionMask = 2147483647;
			files = (
				711B270328BC6D4C00A0773D /* LaunchScreen.storyboard in Resources */,
				711B270028BC6D4C00A0773D /* Assets.xcassets in Resources */,
				711B26FE28BC6D4A00A0773D /* Main.storyboard in Resources */,
			);
			runOnlyForDeploymentPostprocessing = 0;
		};
/* End PBXResourcesBuildPhase section */

/* Begin PBXShellScriptBuildPhase section */
		9A8BF5B329B3099808ECB060 /* [CP] Embed Pods Frameworks */ = {
			isa = PBXShellScriptBuildPhase;
			buildActionMask = 2147483647;
			files = (
			);
			inputFileListPaths = (
				"${PODS_ROOT}/Target Support Files/Pods-ThirdRental_Extension/Pods-ThirdRental_Extension-frameworks-${CONFIGURATION}-input-files.xcfilelist",
			);
			name = "[CP] Embed Pods Frameworks";
			outputFileListPaths = (
				"${PODS_ROOT}/Target Support Files/Pods-ThirdRental_Extension/Pods-ThirdRental_Extension-frameworks-${CONFIGURATION}-output-files.xcfilelist",
			);
			runOnlyForDeploymentPostprocessing = 0;
			shellPath = /bin/sh;
			shellScript = "\"${PODS_ROOT}/Target Support Files/Pods-ThirdRental_Extension/Pods-ThirdRental_Extension-frameworks.sh\"\n";
			showEnvVarsInLog = 0;
		};
		A25FDF4253EE321A4B5F4D9D /* [CP] Check Pods Manifest.lock */ = {
			isa = PBXShellScriptBuildPhase;
			buildActionMask = 2147483647;
			files = (
			);
			inputFileListPaths = (
			);
			inputPaths = (
				"${PODS_PODFILE_DIR_PATH}/Podfile.lock",
				"${PODS_ROOT}/Manifest.lock",
			);
			name = "[CP] Check Pods Manifest.lock";
			outputFileListPaths = (
			);
			outputPaths = (
				"$(DERIVED_FILE_DIR)/Pods-ThirdRental_Extension-checkManifestLockResult.txt",
			);
			runOnlyForDeploymentPostprocessing = 0;
			shellPath = /bin/sh;
			shellScript = "diff \"${PODS_PODFILE_DIR_PATH}/Podfile.lock\" \"${PODS_ROOT}/Manifest.lock\" > /dev/null\nif [ $? != 0 ] ; then\n    # print error to STDERR\n    echo \"error: The sandbox is not in sync with the Podfile.lock. Run 'pod install' or update your CocoaPods installation.\" >&2\n    exit 1\nfi\n# This output is used by Xcode 'outputs' to avoid re-running this script phase.\necho \"SUCCESS\" > \"${SCRIPT_OUTPUT_FILE_0}\"\n";
			showEnvVarsInLog = 0;
		};
/* End PBXShellScriptBuildPhase section */

/* Begin PBXSourcesBuildPhase section */
		711B26EF28BC6D4A00A0773D /* Sources */ = {
			isa = PBXSourcesBuildPhase;
			buildActionMask = 2147483647;
			files = (
				711B26FB28BC6D4A00A0773D /* ViewController.swift in Sources */,
				711B26F728BC6D4A00A0773D /* AppDelegate.swift in Sources */,
				711B26F928BC6D4A00A0773D /* SceneDelegate.swift in Sources */,
				711B270B28BC6D6B00A0773D /* ThirdRental_Extension.swift in Sources */,
			);
			runOnlyForDeploymentPostprocessing = 0;
		};
/* End PBXSourcesBuildPhase section */

/* Begin PBXVariantGroup section */
		711B26FC28BC6D4A00A0773D /* Main.storyboard */ = {
			isa = PBXVariantGroup;
			children = (
				711B26FD28BC6D4A00A0773D /* Base */,
			);
			name = Main.storyboard;
			sourceTree = "<group>";
		};
		711B270128BC6D4C00A0773D /* LaunchScreen.storyboard */ = {
			isa = PBXVariantGroup;
			children = (
				711B270228BC6D4C00A0773D /* Base */,
			);
			name = LaunchScreen.storyboard;
			sourceTree = "<group>";
		};
/* End PBXVariantGroup section */

/* Begin XCBuildConfiguration section */
		711B270528BC6D4C00A0773D /* Debug */ = {
			isa = XCBuildConfiguration;
			buildSettings = {
				ALWAYS_SEARCH_USER_PATHS = NO;
				CLANG_ANALYZER_NONNULL = YES;
				CLANG_ANALYZER_NUMBER_OBJECT_CONVERSION = YES_AGGRESSIVE;
				CLANG_CXX_LANGUAGE_STANDARD = "gnu++17";
				CLANG_ENABLE_MODULES = YES;
				CLANG_ENABLE_OBJC_ARC = YES;
				CLANG_ENABLE_OBJC_WEAK = YES;
				CLANG_WARN_BLOCK_CAPTURE_AUTORELEASING = YES;
				CLANG_WARN_BOOL_CONVERSION = YES;
				CLANG_WARN_COMMA = YES;
				CLANG_WARN_CONSTANT_CONVERSION = YES;
				CLANG_WARN_DEPRECATED_OBJC_IMPLEMENTATIONS = YES;
				CLANG_WARN_DIRECT_OBJC_ISA_USAGE = YES_ERROR;
				CLANG_WARN_DOCUMENTATION_COMMENTS = YES;
				CLANG_WARN_EMPTY_BODY = YES;
				CLANG_WARN_ENUM_CONVERSION = YES;
				CLANG_WARN_INFINITE_RECURSION = YES;
				CLANG_WARN_INT_CONVERSION = YES;
				CLANG_WARN_NON_LITERAL_NULL_CONVERSION = YES;
				CLANG_WARN_OBJC_IMPLICIT_RETAIN_SELF = YES;
				CLANG_WARN_OBJC_LITERAL_CONVERSION = YES;
				CLANG_WARN_OBJC_ROOT_CLASS = YES_ERROR;
				CLANG_WARN_QUOTED_INCLUDE_IN_FRAMEWORK_HEADER = YES;
				CLANG_WARN_RANGE_LOOP_ANALYSIS = YES;
				CLANG_WARN_STRICT_PROTOTYPES = YES;
				CLANG_WARN_SUSPICIOUS_MOVE = YES;
				CLANG_WARN_UNGUARDED_AVAILABILITY = YES_AGGRESSIVE;
				CLANG_WARN_UNREACHABLE_CODE = YES;
				CLANG_WARN__DUPLICATE_METHOD_MATCH = YES;
				COPY_PHASE_STRIP = NO;
				DEBUG_INFORMATION_FORMAT = dwarf;
				ENABLE_STRICT_OBJC_MSGSEND = YES;
				ENABLE_TESTABILITY = YES;
				GCC_C_LANGUAGE_STANDARD = gnu11;
				GCC_DYNAMIC_NO_PIC = NO;
				GCC_NO_COMMON_BLOCKS = YES;
				GCC_OPTIMIZATION_LEVEL = 0;
				GCC_PREPROCESSOR_DEFINITIONS = (
					"DEBUG=1",
					"$(inherited)",
				);
				GCC_WARN_64_TO_32_BIT_CONVERSION = YES;
				GCC_WARN_ABOUT_RETURN_TYPE = YES_ERROR;
				GCC_WARN_UNDECLARED_SELECTOR = YES;
				GCC_WARN_UNINITIALIZED_AUTOS = YES_AGGRESSIVE;
				GCC_WARN_UNUSED_FUNCTION = YES;
				GCC_WARN_UNUSED_VARIABLE = YES;
				IPHONEOS_DEPLOYMENT_TARGET = 15.5;
				MTL_ENABLE_DEBUG_INFO = INCLUDE_SOURCE;
				MTL_FAST_MATH = YES;
				ONLY_ACTIVE_ARCH = YES;
				SDKROOT = iphoneos;
				SWIFT_ACTIVE_COMPILATION_CONDITIONS = DEBUG;
				SWIFT_OPTIMIZATION_LEVEL = "-Onone";
			};
			name = Debug;
		};
		711B270628BC6D4C00A0773D /* Release */ = {
			isa = XCBuildConfiguration;
			buildSettings = {
				ALWAYS_SEARCH_USER_PATHS = NO;
				CLANG_ANALYZER_NONNULL = YES;
				CLANG_ANALYZER_NUMBER_OBJECT_CONVERSION = YES_AGGRESSIVE;
				CLANG_CXX_LANGUAGE_STANDARD = "gnu++17";
				CLANG_ENABLE_MODULES = YES;
				CLANG_ENABLE_OBJC_ARC = YES;
				CLANG_ENABLE_OBJC_WEAK = YES;
				CLANG_WARN_BLOCK_CAPTURE_AUTORELEASING = YES;
				CLANG_WARN_BOOL_CONVERSION = YES;
				CLANG_WARN_COMMA = YES;
				CLANG_WARN_CONSTANT_CONVERSION = YES;
				CLANG_WARN_DEPRECATED_OBJC_IMPLEMENTATIONS = YES;
				CLANG_WARN_DIRECT_OBJC_ISA_USAGE = YES_ERROR;
				CLANG_WARN_DOCUMENTATION_COMMENTS = YES;
				CLANG_WARN_EMPTY_BODY = YES;
				CLANG_WARN_ENUM_CONVERSION = YES;
				CLANG_WARN_INFINITE_RECURSION = YES;
				CLANG_WARN_INT_CONVERSION = YES;
				CLANG_WARN_NON_LITERAL_NULL_CONVERSION = YES;
				CLANG_WARN_OBJC_IMPLICIT_RETAIN_SELF = YES;
				CLANG_WARN_OBJC_LITERAL_CONVERSION = YES;
				CLANG_WARN_OBJC_ROOT_CLASS = YES_ERROR;
				CLANG_WARN_QUOTED_INCLUDE_IN_FRAMEWORK_HEADER = YES;
				CLANG_WARN_RANGE_LOOP_ANALYSIS = YES;
				CLANG_WARN_STRICT_PROTOTYPES = YES;
				CLANG_WARN_SUSPICIOUS_MOVE = YES;
				CLANG_WARN_UNGUARDED_AVAILABILITY = YES_AGGRESSIVE;
				CLANG_WARN_UNREACHABLE_CODE = YES;
				CLANG_WARN__DUPLICATE_METHOD_MATCH = YES;
				COPY_PHASE_STRIP = NO;
				DEBUG_INFORMATION_FORMAT = "dwarf-with-dsym";
				ENABLE_NS_ASSERTIONS = NO;
				ENABLE_STRICT_OBJC_MSGSEND = YES;
				GCC_C_LANGUAGE_STANDARD = gnu11;
				GCC_NO_COMMON_BLOCKS = YES;
				GCC_WARN_64_TO_32_BIT_CONVERSION = YES;
				GCC_WARN_ABOUT_RETURN_TYPE = YES_ERROR;
				GCC_WARN_UNDECLARED_SELECTOR = YES;
				GCC_WARN_UNINITIALIZED_AUTOS = YES_AGGRESSIVE;
				GCC_WARN_UNUSED_FUNCTION = YES;
				GCC_WARN_UNUSED_VARIABLE = YES;
				IPHONEOS_DEPLOYMENT_TARGET = 15.5;
				MTL_ENABLE_DEBUG_INFO = NO;
				MTL_FAST_MATH = YES;
				SDKROOT = iphoneos;
				SWIFT_COMPILATION_MODE = wholemodule;
				SWIFT_OPTIMIZATION_LEVEL = "-O";
				VALIDATE_PRODUCT = YES;
			};
			name = Release;
		};
		711B270828BC6D4C00A0773D /* Debug */ = {
			isa = XCBuildConfiguration;
			baseConfigurationReference = 7AA4AAF9DD9FF3D9D37BCBDE /* Pods-ThirdRental_Extension.debug.xcconfig */;
			buildSettings = {
				ASSETCATALOG_COMPILER_APPICON_NAME = AppIcon;
				ASSETCATALOG_COMPILER_GLOBAL_ACCENT_COLOR_NAME = AccentColor;
				CODE_SIGN_STYLE = Automatic;
				CURRENT_PROJECT_VERSION = 1;
				GENERATE_INFOPLIST_FILE = YES;
				INFOPLIST_FILE = ThirdRental_Extension/Info.plist;
				INFOPLIST_KEY_UIApplicationSupportsIndirectInputEvents = YES;
				INFOPLIST_KEY_UILaunchStoryboardName = LaunchScreen;
				INFOPLIST_KEY_UIMainStoryboardFile = Main;
				INFOPLIST_KEY_UISupportedInterfaceOrientations_iPad = "UIInterfaceOrientationPortrait UIInterfaceOrientationPortraitUpsideDown UIInterfaceOrientationLandscapeLeft UIInterfaceOrientationLandscapeRight";
				INFOPLIST_KEY_UISupportedInterfaceOrientations_iPhone = "UIInterfaceOrientationPortrait UIInterfaceOrientationLandscapeLeft UIInterfaceOrientationLandscapeRight";
				LD_RUNPATH_SEARCH_PATHS = (
					"$(inherited)",
					"@executable_path/Frameworks",
				);
				MARKETING_VERSION = 1.0;
				PRODUCT_BUNDLE_IDENTIFIER = "-11.ThirdRental-Extension";
				PRODUCT_NAME = "$(TARGET_NAME)";
				SWIFT_EMIT_LOC_STRINGS = YES;
				SWIFT_VERSION = 5.0;
				TARGETED_DEVICE_FAMILY = "1,2";
			};
			name = Debug;
		};
		711B270928BC6D4C00A0773D /* Release */ = {
			isa = XCBuildConfiguration;
			baseConfigurationReference = 8C42CA450156B67D3163B22D /* Pods-ThirdRental_Extension.release.xcconfig */;
			buildSettings = {
				ASSETCATALOG_COMPILER_APPICON_NAME = AppIcon;
				ASSETCATALOG_COMPILER_GLOBAL_ACCENT_COLOR_NAME = AccentColor;
				CODE_SIGN_STYLE = Automatic;
				CURRENT_PROJECT_VERSION = 1;
				GENERATE_INFOPLIST_FILE = YES;
				INFOPLIST_FILE = ThirdRental_Extension/Info.plist;
				INFOPLIST_KEY_UIApplicationSupportsIndirectInputEvents = YES;
				INFOPLIST_KEY_UILaunchStoryboardName = LaunchScreen;
				INFOPLIST_KEY_UIMainStoryboardFile = Main;
				INFOPLIST_KEY_UISupportedInterfaceOrientations_iPad = "UIInterfaceOrientationPortrait UIInterfaceOrientationPortraitUpsideDown UIInterfaceOrientationLandscapeLeft UIInterfaceOrientationLandscapeRight";
				INFOPLIST_KEY_UISupportedInterfaceOrientations_iPhone = "UIInterfaceOrientationPortrait UIInterfaceOrientationLandscapeLeft UIInterfaceOrientationLandscapeRight";
				LD_RUNPATH_SEARCH_PATHS = (
					"$(inherited)",
					"@executable_path/Frameworks",
				);
				MARKETING_VERSION = 1.0;
				PRODUCT_BUNDLE_IDENTIFIER = "-11.ThirdRental-Extension";
				PRODUCT_NAME = "$(TARGET_NAME)";
				SWIFT_EMIT_LOC_STRINGS = YES;
				SWIFT_VERSION = 5.0;
				TARGETED_DEVICE_FAMILY = "1,2";
			};
			name = Release;
		};
/* End XCBuildConfiguration section */

/* Begin XCConfigurationList section */
		711B26EE28BC6D4A00A0773D /* Build configuration list for PBXProject "ThirdRental_Extension" */ = {
			isa = XCConfigurationList;
			buildConfigurations = (
				711B270528BC6D4C00A0773D /* Debug */,
				711B270628BC6D4C00A0773D /* Release */,
			);
			defaultConfigurationIsVisible = 0;
			defaultConfigurationName = Release;
		};
		711B270728BC6D4C00A0773D /* Build configuration list for PBXNativeTarget "ThirdRental_Extension" */ = {
			isa = XCConfigurationList;
			buildConfigurations = (
				711B270828BC6D4C00A0773D /* Debug */,
				711B270928BC6D4C00A0773D /* Release */,
			);
			defaultConfigurationIsVisible = 0;
			defaultConfigurationName = Release;
		};
/* End XCConfigurationList section */
	};
	rootObject = 711B26EB28BC6D4A00A0773D /* Project object */;
}
